<?xml version="1.0" encoding="UTF-8" standalone="yes" ?>
<CodeBlocks_project_file>
	<FileVersion major="1" minor="6" />
	<Project>
		<Option title="PiLock" />
		<Option pch_mode="2" />
		<Option compiler="gcc" />
		<Build>
			<Target title="Debug">
				<Option output="bin/Debug/PiLock" prefix_auto="1" extension_auto="1" />
				<Option object_output="obj/Debug/" />
				<Option type="1" />
				<Option compiler="gcc" />
				<Compiler>
					<Add option="-g" />
				</Compiler>
			</Target>
			<Target title="Release">
				<Option output="bin/Release/PiLock" prefix_auto="1" extension_auto="1" />
				<Option object_output="obj/Release/" />
				<Option type="0" />
				<Option compiler="gcc" />
				<Compiler>
					<Add option="-O2" />
				</Compiler>
				<Linker>
					<Add option="-s" />
				</Linker>
			</Target>
		</Build>
		<Compiler>
			<Add option="-Wall" />
			<Add option="`sdl-config --cflags`" />
			<Add directory="/usr/include/opencv" />
			<Add directory="/opt/vc/include" />
			<Add directory="/opt/vc/userland-master/interface/vcos" />
			<Add directory="/opt/vc/userland-master" />
			<Add directory="/opt/vc/userland-master/interface/vcos/pthreads" />
			<Add directory="/opt/vc/userland-master/interface/vmcs_host/linux" />
			<Add directory="/opt/vc/userland-master/host_applications/linux/libs/bcm_host/include" />
			<Add directory="." />
		</Compiler>
		<Linker>
			<Add option="`sdl-config --libs`" />
			<Add option="-Wl,-rpath,/opt/vc/lib -rdynamic" />
			<Add library="SDL" />
			<Add library="SDL_image" />
			<Add library="SDL_gfx" />
			<Add library="SDL_ttf" />
			<Add library="sqlite3" />
			<Add library="wiringPi" />
			<Add library="rt" />
			<Add library="pthread" />
			<Add library="mmal_core" />
			<Add library="mmal_util" />
			<Add library="mmal_vc_client" />
			<Add library="vcos" />
			<Add library="bcm_host" />
			<Add library="GLESv2" />
			<Add library="EGL" />
			<Add library="opencv_core" />
			<Add library="opencv_imgproc" />
			<Add library="opencv_objdetect" />
			<Add directory="/usr/lib/x86_64-linux-gnu" />
			<Add directory="/opt/vc/lib" />
		</Linker>
		<Unit filename="Event.cpp" />
		<Unit filename="Event.h" />
		<Unit filename="Timer.cpp" />
		<Unit filename="Timer.h" />
		<Unit filename="auditlog.db" />
		<Unit filename="camera.cpp" />
		<Unit filename="camera.h" />
		<Unit filename="cameracontrol.cpp" />
		<Unit filename="cameracontrol.h" />
		<Unit filename="database.cpp" />
		<Unit filename="database.h" />
		<Unit filename="graphics.cpp" />
		<Unit filename="graphics.h" />
		<Unit filename="main.cpp" />
		<Unit filename="mmalincludes.h" />
		<Unit filename="sqlite3pp/sqlite3pp.cpp" />
		<Unit filename="sqlite3pp/sqlite3pp.h" />
		<Unit filename="sqlite3pp/sqlite3ppext.cpp" />
		<Unit filename="sqlite3pp/sqlite3ppext.h" />
		<Unit filename="sqlite3pp/testaggregate.cpp" />
		<Unit filename="sqlite3pp/testattach.cpp" />
		<Unit filename="sqlite3pp/testcallback.cpp" />
		<Unit filename="sqlite3pp/testdisconnect.cpp" />
		<Unit filename="sqlite3pp/testfunction.cpp" />
		<Unit filename="sqlite3pp/testinsert.cpp" />
		<Unit filename="sqlite3pp/testinsertall.cpp" />
		<Unit filename="sqlite3pp/testselect.cpp" />
		<Unit filename="ts_util.c">
			<Option compilerVar="CC" />
		</Unit>
		<Unit filename="ts_util.h" />
		<Unit filename="useradd_html.c">
			<Option compilerVar="CC" />
		</Unit>
		<Unit filename="webinterface.cpp" />
		<Unit filename="webinterface.h" />
		<Unit filename="wiegand.cpp" />
		<Unit filename="wiegand.h" />
		<Extensions>
			<code_completion />
			<debugger />
			<envvars />
		</Extensions>
	</Project>
</CodeBlocks_project_file>
